
Microsoft Visual Studio Solution File, Format Version 12.00
# Visual Studio Version 17
VisualStudioVersion = 17.11.35327.3
MinimumVisualStudioVersion = 10.0.40219.1
Project("{FAE04EC0-301F-11D3-BF4B-00C04F79EFBC}") = "BallTracker", "BallTracker.csproj", "{D270738C-D494-4523-95A4-A8D3CA2FAFA8}"
EndProject
Global
	GlobalSection(SolutionConfigurationPlatforms) = preSolution
		Debug|Any CPU = Debug|Any CPU
		Release|Any CPU = Release|Any CPU
	EndGlobalSection
	GlobalSection(ProjectConfigurationPlatforms) = postSolution
		{D270738C-D494-4523-95A4-A8D3CA2FAFA8}.Debug|Any CPU.ActiveCfg = Debug|Any CPU
		{D270738C-D494-4523-95A4-A8D3CA2FAFA8}.Debug|Any CPU.Build.0 = Debug|Any CPU
		{D270738C-D494-4523-95A4-A8D3CA2FAFA8}.Release|Any CPU.ActiveCfg = Release|Any CPU
		{D270738C-D494-4523-95A4-A8D3CA2FAFA8}.Release|Any CPU.Build.0 = Release|Any CPU
	EndGlobalSection
	GlobalSection(SolutionProperties) = preSolution
		HideSolutionNode = FALSE
	EndGlobalSection
	GlobalSection(ExtensibilityGlobals) = postSolution
		SolutionGuid = {96977BE1-09A2-4084-8159-8F4178FCD216}
	EndGlobalSection
EndGlobal
